<?xml version="1.0" encoding="utf-8"?>
<Project ToolsVersion="4.0" xmlns="http://schemas.microsoft.com/developer/msbuild/2003">
  <ItemGroup>
    <Filter Include="Include">
      <UniqueIdentifier>{93995380-89BD-4b04-88EB-625FBE52EBFB}</UniqueIdentifier>
      <Extensions>h;hh;hpp;hxx;h++;hm;inl;inc;ipp;xsd</Extensions>
    </Filter>
    <Filter Include="Include\third_party">
      <UniqueIdentifier>{85a76a85-13a7-4599-bc05-a43fab855b27}</UniqueIdentifier>
    </Filter>
    <Filter Include="Source">
      <UniqueIdentifier>{4FC737F1-C7A5-4376-A066-2A32D752A2FF}</UniqueIdentifier>
      <Extensions>cpp;c;cc;cxx;c++;cppm;ixx;def;odl;idl;hpj;bat;asm;asmx</Extensions>
    </Filter>
    <Filter Include="Source\src">
      <UniqueIdentifier>{99d410b8-0f1c-45a9-8bbc-9f8347d8067f}</UniqueIdentifier>
    </Filter>
    <Filter Include="Source\third_party">
      <UniqueIdentifier>{05d1cea6-6006-4921-98c0-21b86e20230a}</UniqueIdentifier>
    </Filter>
    <Filter Include="Resource">
      <UniqueIdentifier>{67DA6AB6-F800-4c08-8B7A-83BB121AAD01}</UniqueIdentifier>
      <Extensions>rc;ico;cur;bmp;dlg;rc2;rct;bin;rgs;gif;jpg;jpeg;jpe;resx;tiff;tif;png;wav;mfcribbon-ms</Extensions>
    </Filter>
  </ItemGroup>
  <ItemGroup>
    <ClCompile Include="src\main.cpp">
      <Filter>Source\src</Filter>
    </ClCompile>
    <ClCompile Include="src\loguru\loguru.cpp">
      <Filter>Source\third_party</Filter>
    </ClCompile>
    <ClCompile Include="src\sqlite3\sqlite3.c">
      <Filter>Source\third_party</Filter>
    </ClCompile>
    <ClCompile Include="src\ip2region\xdb_bench.cc">
      <Filter>Source\third_party</Filter>
    </ClCompile>
    <ClCompile Include="src\ip2region\xdb_search.cc">
      <Filter>Source\third_party</Filter>
    </ClCompile>
    <ClCompile Include="src\Ip2RegionUtil.cpp">
      <Filter>Source</Filter>
    </ClCompile>
    <ClCompile Include="src\TsharkManager.cpp">
      <Filter>Source</Filter>
    </ClCompile>
  </ItemGroup>
  <ItemGroup>
    <ClInclude Include="include\rapidjson\allocators.h">
      <Filter>Include\third_party</Filter>
    </ClInclude>
    <ClInclude Include="include\rapidjson\internal\biginteger.h">
      <Filter>Include\third_party</Filter>
    </ClInclude>
    <ClInclude Include="include\rapidjson\internal\clzll.h">
      <Filter>Include\third_party</Filter>
    </ClInclude>
    <ClInclude Include="include\rapidjson\cursorstreamwrapper.h">
      <Filter>Include\third_party</Filter>
    </ClInclude>
    <ClInclude Include="include\rapidjson\internal\diyfp.h">
      <Filter>Include\third_party</Filter>
    </ClInclude>
    <ClInclude Include="include\rapidjson\document.h">
      <Filter>Include\third_party</Filter>
    </ClInclude>
    <ClInclude Include="include\rapidjson\internal\dtoa.h">
      <Filter>Include\third_party</Filter>
    </ClInclude>
    <ClInclude Include="include\rapidjson\error\en.h">
      <Filter>Include\third_party</Filter>
    </ClInclude>
    <ClInclude Include="include\rapidjson\encodedstream.h">
      <Filter>Include\third_party</Filter>
    </ClInclude>
    <ClInclude Include="include\rapidjson\encodings.h">
      <Filter>Include\third_party</Filter>
    </ClInclude>
    <ClInclude Include="include\rapidjson\error\error.h">
      <Filter>Include\third_party</Filter>
    </ClInclude>
    <ClInclude Include="include\rapidjson\filereadstream.h">
      <Filter>Include\third_party</Filter>
    </ClInclude>
    <ClInclude Include="include\rapidjson\filewritestream.h">
      <Filter>Include\third_party</Filter>
    </ClInclude>
    <ClInclude Include="include\rapidjson\fwd.h">
      <Filter>Include\third_party</Filter>
    </ClInclude>
    <ClInclude Include="include\httplib\httplib.h">
      <Filter>Include\third_party</Filter>
    </ClInclude>
    <ClInclude Include="include\rapidjson\internal\ieee754.h">
      <Filter>Include\third_party</Filter>
    </ClInclude>
    <ClInclude Include="include\rapidjson\msinttypes\inttypes.h">
      <Filter>Include\third_party</Filter>
    </ClInclude>
    <ClInclude Include="include\rapidjson\istreamwrapper.h">
      <Filter>Include\third_party</Filter>
    </ClInclude>
    <ClInclude Include="include\rapidjson\internal\itoa.h">
      <Filter>Include\third_party</Filter>
    </ClInclude>
    <ClInclude Include="include\loguru\loguru.hpp">
      <Filter>Include\third_party</Filter>
    </ClInclude>
    <ClInclude Include="include\rapidjson\memorybuffer.h">
      <Filter>Include\third_party</Filter>
    </ClInclude>
    <ClInclude Include="include\rapidjson\memorystream.h">
      <Filter>Include\third_party</Filter>
    </ClInclude>
    <ClInclude Include="include\rapidjson\internal\meta.h">
      <Filter>Include\third_party</Filter>
    </ClInclude>
    <ClInclude Include="include\rapidjson\ostreamwrapper.h">
      <Filter>Include\third_party</Filter>
    </ClInclude>
    <ClInclude Include="include\rapidjson\pointer.h">
      <Filter>Include\third_party</Filter>
    </ClInclude>
    <ClInclude Include="include\rapidjson\internal\pow10.h">
      <Filter>Include\third_party</Filter>
    </ClInclude>
    <ClInclude Include="include\rapidjson\prettywriter.h">
      <Filter>Include\third_party</Filter>
    </ClInclude>
    <ClInclude Include="include\rapidjson\rapidjson.h">
      <Filter>Include\third_party</Filter>
    </ClInclude>
    <ClInclude Include="include\rapidxml\rapidxml.hpp">
      <Filter>Include\third_party</Filter>
    </ClInclude>
    <ClInclude Include="include\rapidxml\rapidxml_iterators.hpp">
      <Filter>Include\third_party</Filter>
    </ClInclude>
    <ClInclude Include="include\rapidxml\rapidxml_print.hpp">
      <Filter>Include\third_party</Filter>
    </ClInclude>
    <ClInclude Include="include\rapidxml\rapidxml_utils.hpp">
      <Filter>Include\third_party</Filter>
    </ClInclude>
    <ClInclude Include="include\rapidjson\reader.h">
      <Filter>Include\third_party</Filter>
    </ClInclude>
    <ClInclude Include="include\rapidjson\internal\regex.h">
      <Filter>Include\third_party</Filter>
    </ClInclude>
    <ClInclude Include="include\rapidjson\schema.h">
      <Filter>Include\third_party</Filter>
    </ClInclude>
    <ClInclude Include="include\sqlite3\sqlite3.h">
      <Filter>Include\third_party</Filter>
    </ClInclude>
    <ClInclude Include="include\rapidjson\internal\stack.h">
      <Filter>Include\third_party</Filter>
    </ClInclude>
    <ClInclude Include="include\rapidjson\msinttypes\stdint.h">
      <Filter>Include\third_party</Filter>
    </ClInclude>
    <ClInclude Include="include\rapidjson\stream.h">
      <Filter>Include\third_party</Filter>
    </ClInclude>
    <ClInclude Include="include\rapidjson\internal\strfunc.h">
      <Filter>Include\third_party</Filter>
    </ClInclude>
    <ClInclude Include="include\rapidjson\stringbuffer.h">
      <Filter>Include\third_party</Filter>
    </ClInclude>
    <ClInclude Include="include\rapidjson\internal\strtod.h">
      <Filter>Include\third_party</Filter>
    </ClInclude>
    <ClInclude Include="include\rapidjson\internal\swap.h">
      <Filter>Include\third_party</Filter>
    </ClInclude>
    <ClInclude Include="include\rapidjson\uri.h">
      <Filter>Include\third_party</Filter>
    </ClInclude>
    <ClInclude Include="include\rapidjson\writer.h">
      <Filter>Include\third_party</Filter>
    </ClInclude>
    <ClInclude Include="include\ip2region\xdb_bench.h">
      <Filter>Include\third_party</Filter>
    </ClInclude>
    <ClInclude Include="include\ip2region\xdb_search.h">
      <Filter>Include\third_party</Filter>
    </ClInclude>
    <ClInclude Include="include\main.h">
      <Filter>Include</Filter>
    </ClInclude>
    <ClInclude Include="include\Ip2RegionUtil.h">
      <Filter>Include</Filter>
    </ClInclude>
    <ClInclude Include="include\TsharkManager.h">
      <Filter>Include</Filter>
    </ClInclude>
    <ClInclude Include="include\TsharkDataType.h">
      <Filter>Include</Filter>
    </ClInclude>
  </ItemGroup>
  <ItemGroup>
    <None Include="resource\ip2region.xdb">
      <Filter>Resource</Filter>
    </None>
  </ItemGroup>
</Project>